
Microsoft Visual Studio Solution File, Format Version 12.00
# Visual Studio Version 17
VisualStudioVersion = 17.0.31912.275
MinimumVisualStudioVersion = 10.0.40219.1
Project("{FAE04EC0-301F-11D3-BF4B-00C04F79EFBC}") = "BlazorApp", "BlazorApp\BlazorApp.csproj", "{502ABFA8-6A54-4FD1-A122-795EB2D215EA}"
EndProject
Global
	GlobalSection(SolutionConfigurationPlatforms) = preSolution
		Debug|Any CPU = Debug|Any CPU
		Release|Any CPU = Release|Any CPU
	EndGlobalSection
	GlobalSection(ProjectConfigurationPlatforms) = postSolution
		{502ABFA8-6A54-4FD1-A122-795EB2D215EA}.Debug|Any CPU.ActiveCfg = Debug|Any CPU
		{502ABFA8-6A54-4FD1-A122-795EB2D215EA}.Debug|Any CPU.Build.0 = Debug|Any CPU
		{502ABFA8-6A54-4FD1-A122-795EB2D215EA}.Release|Any CPU.ActiveCfg = Release|Any CPU
		{502ABFA8-6A54-4FD1-A122-795EB2D215EA}.Release|Any CPU.Build.0 = Release|Any CPU
	EndGlobalSection
	GlobalSection(SolutionProperties) = preSolution
		HideSolutionNode = FALSE
	EndGlobalSection
	GlobalSection(ExtensibilityGlobals) = postSolution
		SolutionGuid = {697F514F-F20E-41B2-9CA8-1DE23EB08C8F}
	EndGlobalSection
EndGlobal
